
Microsoft Visual Studio Solution File, Format Version 12.00
# Visual Studio Version 17
VisualStudioVersion = 17.8.34330.188
MinimumVisualStudioVersion = 10.0.40219.1
Project("{FAE04EC0-301F-11D3-BF4B-00C04F79EFBC}") = "Dotnet8WepApiJwt", "Dotnet8WepApiJwt\Dotnet8WepApiJwt.csproj", "{A1803043-1445-4375-940B-B19E5E7EB339}"
EndProject
Global
	GlobalSection(SolutionConfigurationPlatforms) = preSolution
		Debug|Any CPU = Debug|Any CPU
		Release|Any CPU = Release|Any CPU
	EndGlobalSection
	GlobalSection(ProjectConfigurationPlatforms) = postSolution
		{A1803043-1445-4375-940B-B19E5E7EB339}.Debug|Any CPU.ActiveCfg = Debug|Any CPU
		{A1803043-1445-4375-940B-B19E5E7EB339}.Debug|Any CPU.Build.0 = Debug|Any CPU
		{A1803043-1445-4375-940B-B19E5E7EB339}.Release|Any CPU.ActiveCfg = Release|Any CPU
		{A1803043-1445-4375-940B-B19E5E7EB339}.Release|Any CPU.Build.0 = Release|Any CPU
	EndGlobalSection
	GlobalSection(SolutionProperties) = preSolution
		HideSolutionNode = FALSE
	EndGlobalSection
	GlobalSection(ExtensibilityGlobals) = postSolution
		SolutionGuid = {EFCEF27A-6908-4C67-A3E1-A716BEC4259D}
	EndGlobalSection
EndGlobal
